
Microsoft Visual Studio Solution File, Format Version 12.00
# Visual Studio Version 16
VisualStudioVersion = 16.0.30128.74
MinimumVisualStudioVersion = 10.0.40219.1
Project("{9A19103F-16F7-4668-BE54-9A1E7A4F7556}") = "NeatDiggers", "NeatDiggers\NeatDiggers.csproj", "{458BC854-26DF-4600-845B-0D25C7FBC1D9}"
EndProject
Global
	GlobalSection(SolutionConfigurationPlatforms) = preSolution
		Debug|Any CPU = Debug|Any CPU
		Release|Any CPU = Release|Any CPU
	EndGlobalSection
	GlobalSection(ProjectConfigurationPlatforms) = postSolution
		{458BC854-26DF-4600-845B-0D25C7FBC1D9}.Debug|Any CPU.ActiveCfg = Debug|Any CPU
		{458BC854-26DF-4600-845B-0D25C7FBC1D9}.Debug|Any CPU.Build.0 = Debug|Any CPU
		{458BC854-26DF-4600-845B-0D25C7FBC1D9}.Release|Any CPU.ActiveCfg = Release|Any CPU
		{458BC854-26DF-4600-845B-0D25C7FBC1D9}.Release|Any CPU.Build.0 = Release|Any CPU
	EndGlobalSection
	GlobalSection(SolutionProperties) = preSolution
		HideSolutionNode = FALSE
	EndGlobalSection
	GlobalSection(ExtensibilityGlobals) = postSolution
		SolutionGuid = {7EBB37BA-D4B1-4EED-8EBB-6538E7499E1B}
	EndGlobalSection
EndGlobal
